
Microsoft Visual Studio Solution File, Format Version 12.00
# Visual Studio Version 17
VisualStudioVersion = 17.8.34525.116
MinimumVisualStudioVersion = 10.0.40219.1
Project("{FAE04EC0-301F-11D3-BF4B-00C04F79EFBC}") = "FitnessOsnova_Kam_Dav", "FitnessOsnova_Kam_Dav.csproj", "{DB99F0FF-8D70-4D4A-9B01-E9F2E932D10C}"
EndProject
Global
	GlobalSection(SolutionConfigurationPlatforms) = preSolution
		Debug|Any CPU = Debug|Any CPU
		Release|Any CPU = Release|Any CPU
	EndGlobalSection
	GlobalSection(ProjectConfigurationPlatforms) = postSolution
		{DB99F0FF-8D70-4D4A-9B01-E9F2E932D10C}.Debug|Any CPU.ActiveCfg = Debug|Any CPU
		{DB99F0FF-8D70-4D4A-9B01-E9F2E932D10C}.Debug|Any CPU.Build.0 = Debug|Any CPU
		{DB99F0FF-8D70-4D4A-9B01-E9F2E932D10C}.Release|Any CPU.ActiveCfg = Release|Any CPU
		{DB99F0FF-8D70-4D4A-9B01-E9F2E932D10C}.Release|Any CPU.Build.0 = Release|Any CPU
	EndGlobalSection
	GlobalSection(SolutionProperties) = preSolution
		HideSolutionNode = FALSE
	EndGlobalSection
	GlobalSection(ExtensibilityGlobals) = postSolution
		SolutionGuid = {5422C241-20DE-4894-8C64-7C7E5090C7E2}
	EndGlobalSection
EndGlobal
